
Microsoft Visual Studio Solution File, Format Version 12.00
# Visual Studio Version 16
VisualStudioVersion = 16.0.28803.452
MinimumVisualStudioVersion = 10.0.40219.1
Project("{FAE04EC0-301F-11D3-BF4B-00C04F79EFBC}") = "SwitchExample", "SwitchExample\SwitchExample.csproj", "{2A9D264F-7156-490B-8819-1F87450138FC}"
EndProject
Global
	GlobalSection(SolutionConfigurationPlatforms) = preSolution
		Debug|Any CPU = Debug|Any CPU
		Release|Any CPU = Release|Any CPU
	EndGlobalSection
	GlobalSection(ProjectConfigurationPlatforms) = postSolution
		{2A9D264F-7156-490B-8819-1F87450138FC}.Debug|Any CPU.ActiveCfg = Debug|Any CPU
		{2A9D264F-7156-490B-8819-1F87450138FC}.Debug|Any CPU.Build.0 = Debug|Any CPU
		{2A9D264F-7156-490B-8819-1F87450138FC}.Release|Any CPU.ActiveCfg = Release|Any CPU
		{2A9D264F-7156-490B-8819-1F87450138FC}.Release|Any CPU.Build.0 = Release|Any CPU
	EndGlobalSection
	GlobalSection(SolutionProperties) = preSolution
		HideSolutionNode = FALSE
	EndGlobalSection
	GlobalSection(ExtensibilityGlobals) = postSolution
		SolutionGuid = {8340CC44-90D0-41FE-9754-925C66F3BDF5}
	EndGlobalSection
EndGlobal
